
Microsoft Visual Studio Solution File, Format Version 12.00
# Visual Studio Version 16
VisualStudioVersion = 16.0.30225.117
MinimumVisualStudioVersion = 10.0.40219.1
Project("{FAE04EC0-301F-11D3-BF4B-00C04F79EFBC}") = "WindowsFormsApp37", "WindowsFormsApp37\WindowsFormsApp37.csproj", "{92791BEB-6D03-438A-8A00-4681A01A04FA}"
EndProject
Global
	GlobalSection(SolutionConfigurationPlatforms) = preSolution
		Debug|Any CPU = Debug|Any CPU
		Release|Any CPU = Release|Any CPU
	EndGlobalSection
	GlobalSection(ProjectConfigurationPlatforms) = postSolution
		{92791BEB-6D03-438A-8A00-4681A01A04FA}.Debug|Any CPU.ActiveCfg = Debug|Any CPU
		{92791BEB-6D03-438A-8A00-4681A01A04FA}.Debug|Any CPU.Build.0 = Debug|Any CPU
		{92791BEB-6D03-438A-8A00-4681A01A04FA}.Release|Any CPU.ActiveCfg = Release|Any CPU
		{92791BEB-6D03-438A-8A00-4681A01A04FA}.Release|Any CPU.Build.0 = Release|Any CPU
	EndGlobalSection
	GlobalSection(SolutionProperties) = preSolution
		HideSolutionNode = FALSE
	EndGlobalSection
	GlobalSection(ExtensibilityGlobals) = postSolution
		SolutionGuid = {19A4D24C-3890-4498-810A-FD30CFCE2783}
	EndGlobalSection
EndGlobal
